
Microsoft Visual Studio Solution File, Format Version 12.00
# Visual Studio 14
VisualStudioVersion = 14.0.25420.1
MinimumVisualStudioVersion = 10.0.40219.1
Project("{FAE04EC0-301F-11D3-BF4B-00C04F79EFBC}") = "SportsStore.Domain", "SportsStore.Domain\SportsStore.Domain.csproj", "{70DDCDB1-2445-4267-A0E4-66DE31D34C33}"
EndProject
Project("{FAE04EC0-301F-11D3-BF4B-00C04F79EFBC}") = "SportsStore.WebUI", "SportsStore.WebUI\SportsStore.WebUI.csproj", "{8372A91B-4248-416B-96C0-E41F121EC91D}"
EndProject
Project("{FAE04EC0-301F-11D3-BF4B-00C04F79EFBC}") = "SportsStore.UnityTests", "SportsStore.UnityTests\SportsStore.UnityTests.csproj", "{43C858C7-952B-426A-B5C4-6C1F5E52031A}"
EndProject
Global
	GlobalSection(SolutionConfigurationPlatforms) = preSolution
		Debug|Any CPU = Debug|Any CPU
		Release|Any CPU = Release|Any CPU
	EndGlobalSection
	GlobalSection(ProjectConfigurationPlatforms) = postSolution
		{70DDCDB1-2445-4267-A0E4-66DE31D34C33}.Debug|Any CPU.ActiveCfg = Debug|Any CPU
		{70DDCDB1-2445-4267-A0E4-66DE31D34C33}.Debug|Any CPU.Build.0 = Debug|Any CPU
		{70DDCDB1-2445-4267-A0E4-66DE31D34C33}.Release|Any CPU.ActiveCfg = Release|Any CPU
		{70DDCDB1-2445-4267-A0E4-66DE31D34C33}.Release|Any CPU.Build.0 = Release|Any CPU
		{8372A91B-4248-416B-96C0-E41F121EC91D}.Debug|Any CPU.ActiveCfg = Debug|Any CPU
		{8372A91B-4248-416B-96C0-E41F121EC91D}.Debug|Any CPU.Build.0 = Debug|Any CPU
		{8372A91B-4248-416B-96C0-E41F121EC91D}.Release|Any CPU.ActiveCfg = Release|Any CPU
		{8372A91B-4248-416B-96C0-E41F121EC91D}.Release|Any CPU.Build.0 = Release|Any CPU
		{43C858C7-952B-426A-B5C4-6C1F5E52031A}.Debug|Any CPU.ActiveCfg = Debug|Any CPU
		{43C858C7-952B-426A-B5C4-6C1F5E52031A}.Debug|Any CPU.Build.0 = Debug|Any CPU
		{43C858C7-952B-426A-B5C4-6C1F5E52031A}.Release|Any CPU.ActiveCfg = Release|Any CPU
		{43C858C7-952B-426A-B5C4-6C1F5E52031A}.Release|Any CPU.Build.0 = Release|Any CPU
	EndGlobalSection
	GlobalSection(SolutionProperties) = preSolution
		HideSolutionNode = FALSE
	EndGlobalSection
EndGlobal
